
Microsoft Visual Studio Solution File, Format Version 12.00
# Visual Studio Version 17
VisualStudioVersion = 17.9.34714.143
MinimumVisualStudioVersion = 10.0.40219.1
Project("{FAE04EC0-301F-11D3-BF4B-00C04F79EFBC}") = "ServicesDomicile", "ServicesDomicile\ServicesDomicile.csproj", "{314F8E7D-65A0-4CA9-94D8-25AE36BCD41A}"
EndProject
Global
	GlobalSection(SolutionConfigurationPlatforms) = preSolution
		Debug|Any CPU = Debug|Any CPU
		Release|Any CPU = Release|Any CPU
	EndGlobalSection
	GlobalSection(ProjectConfigurationPlatforms) = postSolution
		{314F8E7D-65A0-4CA9-94D8-25AE36BCD41A}.Debug|Any CPU.ActiveCfg = Debug|Any CPU
		{314F8E7D-65A0-4CA9-94D8-25AE36BCD41A}.Debug|Any CPU.Build.0 = Debug|Any CPU
		{314F8E7D-65A0-4CA9-94D8-25AE36BCD41A}.Release|Any CPU.ActiveCfg = Release|Any CPU
		{314F8E7D-65A0-4CA9-94D8-25AE36BCD41A}.Release|Any CPU.Build.0 = Release|Any CPU
	EndGlobalSection
	GlobalSection(SolutionProperties) = preSolution
		HideSolutionNode = FALSE
	EndGlobalSection
	GlobalSection(ExtensibilityGlobals) = postSolution
		SolutionGuid = {FF7D6CFD-AB5C-40D8-A5DA-8EA26DDAE6B4}
	EndGlobalSection
EndGlobal
